
Microsoft Visual Studio Solution File, Format Version 12.00
# Visual Studio Version 16
VisualStudioVersion = 16.0.29613.14
MinimumVisualStudioVersion = 10.0.40219.1
Project("{FAE04EC0-301F-11D3-BF4B-00C04F79EFBC}") = "SETPizzaShop", "SETPizzaShop\SETPizzaShop.csproj", "{24325730-7360-4E45-8F6E-3F5828FCF8CE}"
EndProject
Global
	GlobalSection(SolutionConfigurationPlatforms) = preSolution
		Debug|Any CPU = Debug|Any CPU
		Release|Any CPU = Release|Any CPU
	EndGlobalSection
	GlobalSection(ProjectConfigurationPlatforms) = postSolution
		{24325730-7360-4E45-8F6E-3F5828FCF8CE}.Debug|Any CPU.ActiveCfg = Debug|Any CPU
		{24325730-7360-4E45-8F6E-3F5828FCF8CE}.Debug|Any CPU.Build.0 = Debug|Any CPU
		{24325730-7360-4E45-8F6E-3F5828FCF8CE}.Release|Any CPU.ActiveCfg = Release|Any CPU
		{24325730-7360-4E45-8F6E-3F5828FCF8CE}.Release|Any CPU.Build.0 = Release|Any CPU
	EndGlobalSection
	GlobalSection(SolutionProperties) = preSolution
		HideSolutionNode = FALSE
	EndGlobalSection
	GlobalSection(ExtensibilityGlobals) = postSolution
		SolutionGuid = {23397E9E-989B-4F2B-AA7C-912E4208ECAF}
	EndGlobalSection
EndGlobal
